
Microsoft Visual Studio Solution File, Format Version 9.00
# Visual Studio 2005
Project("{8BC9CEB8-8B4A-11D0-8D11-00A0C91BC942}") = "personal", "personal.vcproj", "{91D43CC6-96C3-4951-9E5F-2AADDA62355C}"
EndProject
Project("{8BC9CEB8-8B4A-11D0-8D11-00A0C91BC942}") = "hi3516av200", "soc\hi3516av200\hi3516av200.vcproj", "{797E5075-09CE-42A9-B78B-6A73AD2D841D}"
EndProject
Project("{8BC9CEB8-8B4A-11D0-8D11-00A0C91BC942}") = "hi3518ev200", "soc\hi3518ev200\hi3518ev200.vcproj", "{6C6DACED-2B73-4C11-993E-BDD8F8F51AFF}"
EndProject
Global
	GlobalSection(SolutionConfigurationPlatforms) = preSolution
		Debug|Win32 = Debug|Win32
		Release|Win32 = Release|Win32
	EndGlobalSection
	GlobalSection(ProjectConfigurationPlatforms) = postSolution
		{91D43CC6-96C3-4951-9E5F-2AADDA62355C}.Debug|Win32.ActiveCfg = Debug|Win32
		{91D43CC6-96C3-4951-9E5F-2AADDA62355C}.Debug|Win32.Build.0 = Debug|Win32
		{91D43CC6-96C3-4951-9E5F-2AADDA62355C}.Release|Win32.ActiveCfg = Release|Win32
		{91D43CC6-96C3-4951-9E5F-2AADDA62355C}.Release|Win32.Build.0 = Release|Win32
		{797E5075-09CE-42A9-B78B-6A73AD2D841D}.Debug|Win32.ActiveCfg = Debug|Win32
		{797E5075-09CE-42A9-B78B-6A73AD2D841D}.Debug|Win32.Build.0 = Debug|Win32
		{797E5075-09CE-42A9-B78B-6A73AD2D841D}.Release|Win32.ActiveCfg = Release|Win32
		{797E5075-09CE-42A9-B78B-6A73AD2D841D}.Release|Win32.Build.0 = Release|Win32
		{6C6DACED-2B73-4C11-993E-BDD8F8F51AFF}.Debug|Win32.ActiveCfg = Debug|Win32
		{6C6DACED-2B73-4C11-993E-BDD8F8F51AFF}.Debug|Win32.Build.0 = Debug|Win32
		{6C6DACED-2B73-4C11-993E-BDD8F8F51AFF}.Release|Win32.ActiveCfg = Release|Win32
		{6C6DACED-2B73-4C11-993E-BDD8F8F51AFF}.Release|Win32.Build.0 = Release|Win32
	EndGlobalSection
	GlobalSection(SolutionProperties) = preSolution
		HideSolutionNode = FALSE
	EndGlobalSection
EndGlobal
